<?xml version="1.0" encoding="utf-8"?>
<Project ToolsVersion="4.0" xmlns="http://schemas.microsoft.com/developer/msbuild/2003">
  <ItemGroup>
    <Filter Include="Utility">
      <UniqueIdentifier>{93995380-89BD-4b04-88EB-625FBE52EBFB}</UniqueIdentifier>
      <Extensions>h;hh;hpp;hxx;hm;inl;inc;xsd</Extensions>
    </Filter>
    <Filter Include="WinMain">
      <UniqueIdentifier>{4FC737F1-C7A5-4376-A066-2A32D752A2FF}</UniqueIdentifier>
      <Extensions>cpp;c;cc;cxx;def;odl;idl;hpj;bat;asm;asmx</Extensions>
    </Filter>
    <Filter Include="GameEngine">
      <UniqueIdentifier>{67DA6AB6-F800-4c08-8B7A-83BB121AAD01}</UniqueIdentifier>
      <Extensions>rc;ico;cur;bmp;dlg;rc2;rct;bin;rgs;gif;jpg;jpeg;jpe;resx;tiff;tif;png;wav;mfcribbon-ms</Extensions>
    </Filter>
    <Filter Include="GameEngine\MainWindow">
      <UniqueIdentifier>{3ea0219a-0d94-48cc-a8d2-f3641c8b2527}</UniqueIdentifier>
    </Filter>
    <Filter Include="GameEngine\MainDirect">
      <UniqueIdentifier>{1553d6b1-84fb-4df5-986c-e55a5ef56eef}</UniqueIdentifier>
    </Filter>
    <Filter Include="GameEngine\EngineDirector">
      <UniqueIdentifier>{f6464738-eb49-49ad-8f20-18c988d0c605}</UniqueIdentifier>
    </Filter>
    <Filter Include="GameEngine\EngineNode">
      <UniqueIdentifier>{39f2f998-e567-460c-a149-df58a52150f8}</UniqueIdentifier>
    </Filter>
    <Filter Include="GameEngine\Camera">
      <UniqueIdentifier>{5794a3d3-67c5-4859-9f5b-c4aae385cdb8}</UniqueIdentifier>
    </Filter>
    <Filter Include="GameEngine\Test">
      <UniqueIdentifier>{225fee32-d492-4eab-bcfc-42e64ac03ac9}</UniqueIdentifier>
    </Filter>
    <Filter Include="GameEngine\EngineLight">
      <UniqueIdentifier>{b9baee9a-d0d6-4fd6-af0f-9f23c5540ecf}</UniqueIdentifier>
    </Filter>
  </ItemGroup>
  <ItemGroup>
    <ClInclude Include="Utility.h">
      <Filter>Utility</Filter>
    </ClInclude>
    <ClInclude Include="MainWindow.h">
      <Filter>GameEngine\MainWindow</Filter>
    </ClInclude>
    <ClInclude Include="MainDirect.h">
      <Filter>GameEngine\MainDirect</Filter>
    </ClInclude>
    <ClInclude Include="EngineDirector.h">
      <Filter>GameEngine\EngineDirector</Filter>
    </ClInclude>
    <ClInclude Include="EngineNode.h">
      <Filter>GameEngine\EngineNode</Filter>
    </ClInclude>
    <ClInclude Include="Camera.h">
      <Filter>GameEngine\Camera</Filter>
    </ClInclude>
    <ClInclude Include="Test.h">
      <Filter>GameEngine\Test</Filter>
    </ClInclude>
    <ClInclude Include="EngineLight.h">
      <Filter>GameEngine\EngineLight</Filter>
    </ClInclude>
  </ItemGroup>
  <ItemGroup>
    <ClCompile Include="WinMain.cpp">
      <Filter>WinMain</Filter>
    </ClCompile>
    <ClCompile Include="MainWindow.cpp">
      <Filter>GameEngine\MainWindow</Filter>
    </ClCompile>
    <ClCompile Include="MainDirect.cpp">
      <Filter>GameEngine\MainDirect</Filter>
    </ClCompile>
    <ClCompile Include="EngineDirector.cpp">
      <Filter>GameEngine\EngineDirector</Filter>
    </ClCompile>
    <ClCompile Include="EngineNode.cpp">
      <Filter>GameEngine\EngineNode</Filter>
    </ClCompile>
    <ClCompile Include="Camera.cpp">
      <Filter>GameEngine\Camera</Filter>
    </ClCompile>
    <ClCompile Include="Test.cpp">
      <Filter>GameEngine\Test</Filter>
    </ClCompile>
    <ClCompile Include="EngineLight.cpp">
      <Filter>GameEngine\EngineLight</Filter>
    </ClCompile>
  </ItemGroup>
</Project>